{
  "name": "discord-button-pages",
  "version": "1.1.7",
  "lockfileVersion": 2,
  "requires": true,
  "packages": {
    "": {
      "version": "1.1.7",
      "license": "ISC",
      "dependencies": {
        "discord-buttons": "^3.2.1"
      },
      "engines": {
        "node": ">=7.8.0"
      }
    },
    "node_modules/discord-buttons": {
      "version": "3.2.1",
      "resolved": "https://registry.npmjs.org/discord-buttons/-/discord-buttons-3.2.1.tgz",
      "integrity": "sha512-UN5xOLG0TwTX6Qr/hjdSyP63HxOYxs5saxfdJ/vijSqjfa/yVPgxO2InKF0l8rpsDOVMsLWGDFLI3+Ax97/LOg==",
      "funding": {
        "type": "individual",
        "url": "https://ko-fi.com/angelocore"
      }
    }
  },
  "dependencies": {
    "discord-buttons": {
      "version": "3.2.1",
      "resolved": "https://registry.npmjs.org/discord-buttons/-/discord-buttons-3.2.1.tgz",
      "integrity": "sha512-UN5xOLG0TwTX6Qr/hjdSyP63HxOYxs5saxfdJ/vijSqjfa/yVPgxO2InKF0l8rpsDOVMsLWGDFLI3+Ax97/LOg=="
    }
  }
}
